
Microsoft Visual Studio Solution File, Format Version 12.00
# Visual Studio Version 17
VisualStudioVersion = 17.5.002.0
MinimumVisualStudioVersion = 10.0.40219.1
Project("{9A19103F-16F7-4668-BE54-9A1E7A4F7556}") = "ConcertTicketBookingSystem", "ConcertTicketBookingSystem.csproj", "{4431A2A4-7DDA-4F48-A6BF-53A480D9E908}"
EndProject
Global
	GlobalSection(SolutionConfigurationPlatforms) = preSolution
		Debug|Any CPU = Debug|Any CPU
		Release|Any CPU = Release|Any CPU
	EndGlobalSection
	GlobalSection(ProjectConfigurationPlatforms) = postSolution
		{4431A2A4-7DDA-4F48-A6BF-53A480D9E908}.Debug|Any CPU.ActiveCfg = Debug|Any CPU
		{4431A2A4-7DDA-4F48-A6BF-53A480D9E908}.Debug|Any CPU.Build.0 = Debug|Any CPU
		{4431A2A4-7DDA-4F48-A6BF-53A480D9E908}.Release|Any CPU.ActiveCfg = Release|Any CPU
		{4431A2A4-7DDA-4F48-A6BF-53A480D9E908}.Release|Any CPU.Build.0 = Release|Any CPU
	EndGlobalSection
	GlobalSection(SolutionProperties) = preSolution
		HideSolutionNode = FALSE
	EndGlobalSection
	GlobalSection(ExtensibilityGlobals) = postSolution
		SolutionGuid = {8CE094D7-112D-4AE2-B256-9F6B8E0BF00D}
	EndGlobalSection
EndGlobal
